
Microsoft Visual Studio Solution File, Format Version 12.00
# Visual Studio 15
VisualStudioVersion = 15.0.27703.2035
MinimumVisualStudioVersion = 10.0.40219.1
Project("{FAE04EC0-301F-11D3-BF4B-00C04F79EFBC}") = "TestGitHookJenkins", "TestGitHookJenkins\TestGitHookJenkins.csproj", "{F8BA9451-D2DD-43B3-8FDE-22AFCBC9E410}"
EndProject
Global
	GlobalSection(SolutionConfigurationPlatforms) = preSolution
		Debug|Any CPU = Debug|Any CPU
		Release|Any CPU = Release|Any CPU
	EndGlobalSection
	GlobalSection(ProjectConfigurationPlatforms) = postSolution
		{F8BA9451-D2DD-43B3-8FDE-22AFCBC9E410}.Debug|Any CPU.ActiveCfg = Debug|Any CPU
		{F8BA9451-D2DD-43B3-8FDE-22AFCBC9E410}.Debug|Any CPU.Build.0 = Debug|Any CPU
		{F8BA9451-D2DD-43B3-8FDE-22AFCBC9E410}.Release|Any CPU.ActiveCfg = Release|Any CPU
		{F8BA9451-D2DD-43B3-8FDE-22AFCBC9E410}.Release|Any CPU.Build.0 = Release|Any CPU
	EndGlobalSection
	GlobalSection(SolutionProperties) = preSolution
		HideSolutionNode = FALSE
	EndGlobalSection
	GlobalSection(ExtensibilityGlobals) = postSolution
		SolutionGuid = {587EEF73-6528-4589-B061-24435EDA2ECB}
	EndGlobalSection
EndGlobal
